{
  "requires": true,
  "lockfileVersion": 1,
  "dependencies": {
    "jquery": {
      "version": "3.5.0",
      "resolved": "https://registry.npmjs.org/jquery/-/jquery-3.3.1.tgz",
      "integrity": "sha512-Ubldcmxp5np52/ENotGxlLe6aGMvmF4R8S6tZjsP6Knsaxd/xp3Zrh50cG93lR6nPXyUFwzN3ZSOQI0wRJNdGg=="
    },
    "raty-js": {
      "version": "2.8.0",
      "resolved": "https://registry.npmjs.org/raty-js/-/raty-js-2.8.0.tgz",
      "integrity": "sha512-jYcRQKflST3KcL/jLiB6hLdjc5q4yX8mhD3FJO/oNn7fLDrVAW91WqmTHE7a3YdQxkG4xVOXwtwGS36GylQhRg==",
      "requires": {
        "jquery": "3.5.0"
      }
    }
  }
}
